// !$*UTF8*$!
{
	archiveVersion = 1;
	classes = {
	};
	objectVersion = 46;
	objects = {

/* Begin PBXBuildFile section */
		0A5C11A8D27E4BF98B4D71A1 /* ASCIIBrand.swift in Sources */ = {isa = PBXBuildFile; fileRef = 0A5C11A8D27E4BF98B4D71A2 /* ASCIIBrand.swift */; };
		0A5C11A8D27E4BF98B4D71A3 /* Assets.xcassets in Resources */ = {isa = PBXBuildFile; fileRef = 0A5C11A8D27E4BF98B4D71A4 /* Assets.xcassets */; };
		2B85345B6767DF49EB02E472 /* TaskViews.swift in Sources */ = {isa = PBXBuildFile; fileRef = B42AFC2A42CC0DB7FB24461C /* TaskViews.swift */; };
		3BC6005D543C4085D620EF85 /* ContentView.swift in Sources */ = {isa = PBXBuildFile; fileRef = 5D8FE80C78C9D4B4B52BFB64 /* ContentView.swift */; };
		4ABF70D78CA476D53576A9E7 /* Foundation.framework in Frameworks */ = {isa = PBXBuildFile; fileRef = C47821EBC45EF82A00A8FB23 /* Foundation.framework */; };
		5704DA75ABB162698CF8F3FF /* MilestonesApp.swift in Sources */ = {isa = PBXBuildFile; fileRef = F57F2686A7F295B0FF60F460 /* MilestonesApp.swift */; };
		7EE9C488A337D5DCDB5C6216 /* FormsAndSettings.swift in Sources */ = {isa = PBXBuildFile; fileRef = CD7EC72E6A8A004E601A77AD /* FormsAndSettings.swift */; };
		A87E9A4CCC991544AE3EAC94 /* MilestoneViews.swift in Sources */ = {isa = PBXBuildFile; fileRef = 445F38AE2E91B1EEA5E5966E /* MilestoneViews.swift */; };
		AB11DE30B25E927630AB1365 /* Models.swift in Sources */ = {isa = PBXBuildFile; fileRef = 4AC2D23C56F454BC197E6868 /* Models.swift */; };
		F54B234E458F6FB1A9C220E8 /* MilestonesStore.swift in Sources */ = {isa = PBXBuildFile; fileRef = 8E573A0F29B698239EDA9577 /* MilestonesStore.swift */; };
/* End PBXBuildFile section */

/* Begin PBXFileReference section */
		0A5C11A8D27E4BF98B4D71A2 /* ASCIIBrand.swift */ = {isa = PBXFileReference; includeInIndex = 1; lastKnownFileType = sourcecode.swift; path = ASCIIBrand.swift; sourceTree = "<group>"; };
		0A5C11A8D27E4BF98B4D71A4 /* Assets.xcassets */ = {isa = PBXFileReference; includeInIndex = 1; lastKnownFileType = folder.assetcatalog; path = Assets.xcassets; sourceTree = "<group>"; };
		445F38AE2E91B1EEA5E5966E /* MilestoneViews.swift */ = {isa = PBXFileReference; includeInIndex = 1; lastKnownFileType = sourcecode.swift; path = MilestoneViews.swift; sourceTree = "<group>"; };
		4AC2D23C56F454BC197E6868 /* Models.swift */ = {isa = PBXFileReference; includeInIndex = 1; lastKnownFileType = sourcecode.swift; path = Models.swift; sourceTree = "<group>"; };
		5D8FE80C78C9D4B4B52BFB64 /* ContentView.swift */ = {isa = PBXFileReference; includeInIndex = 1; lastKnownFileType = sourcecode.swift; path = ContentView.swift; sourceTree = "<group>"; };
		8E573A0F29B698239EDA9577 /* MilestonesStore.swift */ = {isa = PBXFileReference; includeInIndex = 1; lastKnownFileType = sourcecode.swift; path = MilestonesStore.swift; sourceTree = "<group>"; };
		B42AFC2A42CC0DB7FB24461C /* TaskViews.swift */ = {isa = PBXFileReference; includeInIndex = 1; lastKnownFileType = sourcecode.swift; path = TaskViews.swift; sourceTree = "<group>"; };
		C47821EBC45EF82A00A8FB23 /* Foundation.framework */ = {isa = PBXFileReference; lastKnownFileType = wrapper.framework; name = Foundation.framework; path = Platforms/iPhoneOS.platform/Developer/SDKs/iPhoneOS18.0.sdk/System/Library/Frameworks/Foundation.framework; sourceTree = DEVELOPER_DIR; };
		CD7EC72E6A8A004E601A77AD /* FormsAndSettings.swift */ = {isa = PBXFileReference; includeInIndex = 1; lastKnownFileType = sourcecode.swift; path = FormsAndSettings.swift; sourceTree = "<group>"; };
		D6D759EB8679A4E03B1B38E5 /* Milestones.app */ = {isa = PBXFileReference; explicitFileType = wrapper.application; includeInIndex = 0; path = Milestones.app; sourceTree = BUILT_PRODUCTS_DIR; };
		F57F2686A7F295B0FF60F460 /* MilestonesApp.swift */ = {isa = PBXFileReference; includeInIndex = 1; lastKnownFileType = sourcecode.swift; path = MilestonesApp.swift; sourceTree = "<group>"; };
/* End PBXFileReference section */

/* Begin PBXFrameworksBuildPhase section */
		9AB38C156E04FB6F21F94386 /* Frameworks */ = {
			isa = PBXFrameworksBuildPhase;
			buildActionMask = 2147483647;
			files = (
				4ABF70D78CA476D53576A9E7 /* Foundation.framework in Frameworks */,
			);
			runOnlyForDeploymentPostprocessing = 0;
		};
/* End PBXFrameworksBuildPhase section */

/* Begin PBXGroup section */
		03B62C6F89B0D04678B9FEA5 = {
			isa = PBXGroup;
			children = (
				8D1C675BBA65704A9B15BCC0 /* Products */,
				09340E7D26AFCE0B9AEFEAE4 /* Frameworks */,
				BE72F0D372F77A621A040B0E /* Milestones */,
			);
			sourceTree = "<group>";
		};
		09340E7D26AFCE0B9AEFEAE4 /* Frameworks */ = {
			isa = PBXGroup;
			children = (
				E26639501B3BBBBBC2DB1BC1 /* iOS */,
			);
			name = Frameworks;
			sourceTree = "<group>";
		};
		8D1C675BBA65704A9B15BCC0 /* Products */ = {
			isa = PBXGroup;
			children = (
				D6D759EB8679A4E03B1B38E5 /* Milestones.app */,
			);
			name = Products;
			sourceTree = "<group>";
		};
		BE72F0D372F77A621A040B0E /* Milestones */ = {
			isa = PBXGroup;
			children = (
				0A5C11A8D27E4BF98B4D71A2 /* ASCIIBrand.swift */,
				0A5C11A8D27E4BF98B4D71A4 /* Assets.xcassets */,
				5D8FE80C78C9D4B4B52BFB64 /* ContentView.swift */,
				CD7EC72E6A8A004E601A77AD /* FormsAndSettings.swift */,
				445F38AE2E91B1EEA5E5966E /* MilestoneViews.swift */,
				F57F2686A7F295B0FF60F460 /* MilestonesApp.swift */,
				8E573A0F29B698239EDA9577 /* MilestonesStore.swift */,
				4AC2D23C56F454BC197E6868 /* Models.swift */,
				B42AFC2A42CC0DB7FB24461C /* TaskViews.swift */,
			);
			path = Milestones;
			sourceTree = "<group>";
		};
		E26639501B3BBBBBC2DB1BC1 /* iOS */ = {
			isa = PBXGroup;
			children = (
				C47821EBC45EF82A00A8FB23 /* Foundation.framework */,
			);
			name = iOS;
			sourceTree = "<group>";
		};
/* End PBXGroup section */

/* Begin PBXNativeTarget section */
		5FB48B1C17339C79D9639514 /* Milestones */ = {
			isa = PBXNativeTarget;
			buildConfigurationList = AFB97395849DBB2D3933BA9F /* Build configuration list for PBXNativeTarget "Milestones" */;
			buildPhases = (
				3B7D0ED7AF6070F842511B19 /* Sources */,
				9AB38C156E04FB6F21F94386 /* Frameworks */,
				7F9D48FE8B157364732C5E6F /* Resources */,
			);
			buildRules = (
			);
			dependencies = (
			);
			name = Milestones;
			productName = Milestones;
			productReference = D6D759EB8679A4E03B1B38E5 /* Milestones.app */;
			productType = "com.apple.product-type.application";
		};
/* End PBXNativeTarget section */

/* Begin PBXProject section */
		531D3FCB1D222D7C1ADA3CE8 /* Project object */ = {
			isa = PBXProject;
			attributes = {
				LastSwiftUpdateCheck = 1600;
				LastUpgradeCheck = 1600;
				TargetAttributes = {
					5FB48B1C17339C79D9639514 = {
						DevelopmentTeam = S5NFW9785Z;
						ProvisioningStyle = Automatic;
					};
				};
			};
			buildConfigurationList = BE20702A71BEA0E625B4B594 /* Build configuration list for PBXProject "Milestones" */;
			compatibilityVersion = "Xcode 3.2";
			developmentRegion = en;
			hasScannedForEncodings = 0;
			knownRegions = (
				en,
				Base,
			);
			mainGroup = 03B62C6F89B0D04678B9FEA5;
			productRefGroup = 8D1C675BBA65704A9B15BCC0 /* Products */;
			projectDirPath = "";
			projectRoot = "";
			targets = (
				5FB48B1C17339C79D9639514 /* Milestones */,
			);
		};
/* End PBXProject section */

/* Begin PBXResourcesBuildPhase section */
		7F9D48FE8B157364732C5E6F /* Resources */ = {
			isa = PBXResourcesBuildPhase;
			buildActionMask = 2147483647;
			files = (
				0A5C11A8D27E4BF98B4D71A3 /* Assets.xcassets in Resources */,
			);
			runOnlyForDeploymentPostprocessing = 0;
		};
/* End PBXResourcesBuildPhase section */

/* Begin PBXSourcesBuildPhase section */
		3B7D0ED7AF6070F842511B19 /* Sources */ = {
			isa = PBXSourcesBuildPhase;
			buildActionMask = 2147483647;
			files = (
				0A5C11A8D27E4BF98B4D71A1 /* ASCIIBrand.swift in Sources */,
				3BC6005D543C4085D620EF85 /* ContentView.swift in Sources */,
				7EE9C488A337D5DCDB5C6216 /* FormsAndSettings.swift in Sources */,
				A87E9A4CCC991544AE3EAC94 /* MilestoneViews.swift in Sources */,
				5704DA75ABB162698CF8F3FF /* MilestonesApp.swift in Sources */,
				F54B234E458F6FB1A9C220E8 /* MilestonesStore.swift in Sources */,
				AB11DE30B25E927630AB1365 /* Models.swift in Sources */,
				2B85345B6767DF49EB02E472 /* TaskViews.swift in Sources */,
			);
			runOnlyForDeploymentPostprocessing = 0;
		};
/* End PBXSourcesBuildPhase section */

/* Begin XCBuildConfiguration section */
		845804020127FE0C76E63323 /* Debug */ = {
			isa = XCBuildConfiguration;
			buildSettings = {
				ALWAYS_SEARCH_USER_PATHS = NO;
				CLANG_ANALYZER_NONNULL = YES;
				CLANG_ANALYZER_NUMBER_OBJECT_CONVERSION = YES_AGGRESSIVE;
				CLANG_CXX_LANGUAGE_STANDARD = "gnu++14";
				CLANG_CXX_LIBRARY = "libc++";
				CLANG_ENABLE_MODULES = YES;
				CLANG_ENABLE_OBJC_ARC = YES;
				CLANG_ENABLE_OBJC_WEAK = YES;
				CLANG_WARN_BLOCK_CAPTURE_AUTORELEASING = YES;
				CLANG_WARN_BOOL_CONVERSION = YES;
				CLANG_WARN_COMMA = YES;
				CLANG_WARN_CONSTANT_CONVERSION = YES;
				CLANG_WARN_DEPRECATED_OBJC_IMPLEMENTATIONS = YES;
				CLANG_WARN_DIRECT_OBJC_ISA_USAGE = YES_ERROR;
				CLANG_WARN_DOCUMENTATION_COMMENTS = YES;
				CLANG_WARN_EMPTY_BODY = YES;
				CLANG_WARN_ENUM_CONVERSION = YES;
				CLANG_WARN_INFINITE_RECURSION = YES;
				CLANG_WARN_INT_CONVERSION = YES;
				CLANG_WARN_NON_LITERAL_NULL_CONVERSION = YES;
				CLANG_WARN_OBJC_IMPLICIT_RETAIN_SELF = YES;
				CLANG_WARN_OBJC_LITERAL_CONVERSION = YES;
				CLANG_WARN_OBJC_ROOT_CLASS = YES_ERROR;
				CLANG_WARN_QUOTED_INCLUDE_IN_FRAMEWORK_HEADER = YES;
				CLANG_WARN_RANGE_LOOP_ANALYSIS = YES;
				CLANG_WARN_STRICT_PROTOTYPES = YES;
				CLANG_WARN_SUSPICIOUS_MOVE = YES;
				CLANG_WARN_UNGUARDED_AVAILABILITY = YES_AGGRESSIVE;
				CLANG_WARN_UNREACHABLE_CODE = YES;
				CLANG_WARN__DUPLICATE_METHOD_MATCH = YES;
				COPY_PHASE_STRIP = NO;
				DEBUG_INFORMATION_FORMAT = dwarf;
				ENABLE_STRICT_OBJC_MSGSEND = YES;
				ENABLE_TESTABILITY = YES;
				GCC_C_LANGUAGE_STANDARD = gnu11;
				GCC_DYNAMIC_NO_PIC = NO;
				GCC_NO_COMMON_BLOCKS = YES;
				GCC_OPTIMIZATION_LEVEL = 0;
				GCC_PREPROCESSOR_DEFINITIONS = (
					"DEBUG=1",
					"$(inherited)",
				);
				GCC_WARN_64_TO_32_BIT_CONVERSION = YES;
				GCC_WARN_ABOUT_RETURN_TYPE = YES_ERROR;
				GCC_WARN_UNDECLARED_SELECTOR = YES;
				GCC_WARN_UNINITIALIZED_AUTOS = YES_AGGRESSIVE;
				GCC_WARN_UNUSED_FUNCTION = YES;
				GCC_WARN_UNUSED_VARIABLE = YES;
				MTL_ENABLE_DEBUG_INFO = INCLUDE_SOURCE;
				MTL_FAST_MATH = YES;
				ONLY_ACTIVE_ARCH = YES;
				PRODUCT_NAME = "$(TARGET_NAME)";
				SWIFT_ACTIVE_COMPILATION_CONDITIONS = DEBUG;
				SWIFT_OPTIMIZATION_LEVEL = "-Onone";
				SWIFT_VERSION = 5.0;
			};
			name = Debug;
		};
		9DE7525C53CC539F27B83142 /* Release */ = {
			isa = XCBuildConfiguration;
			buildSettings = {
				ASSETCATALOG_COMPILER_APPICON_NAME = AppIcon;
				ASSETCATALOG_COMPILER_GLOBAL_ACCENT_COLOR_NAME = AccentColor;
				CLANG_ENABLE_OBJC_WEAK = NO;
				CODE_SIGN_STYLE = Automatic;
				DEVELOPMENT_TEAM = S5NFW9785Z;
				GENERATE_INFOPLIST_FILE = YES;
				INFOPLIST_KEY_CFBundleDisplayName = Milestones;
				INFOPLIST_KEY_LSApplicationCategoryType = "public.app-category.productivity";
				INFOPLIST_KEY_UIApplicationSceneManifest_Generation = YES;
				INFOPLIST_KEY_UIApplicationSupportsIndirectInputEvents = YES;
				INFOPLIST_KEY_UILaunchScreen_Generation = YES;
				IPHONEOS_DEPLOYMENT_TARGET = 17.0;
				LD_RUNPATH_SEARCH_PATHS = "$(inherited) @executable_path/Frameworks";
				PRODUCT_BUNDLE_IDENTIFIER = com.rampolisetti.milestones;
				PRODUCT_NAME = Milestones;
				SDKROOT = iphoneos;
				SWIFT_VERSION = 6.0;
				TARGETED_DEVICE_FAMILY = 1;
				VALIDATE_PRODUCT = YES;
			};
			name = Release;
		};
		D63A8E5394A4A75583EE7B74 /* Release */ = {
			isa = XCBuildConfiguration;
			buildSettings = {
				ALWAYS_SEARCH_USER_PATHS = NO;
				CLANG_ANALYZER_NONNULL = YES;
				CLANG_ANALYZER_NUMBER_OBJECT_CONVERSION = YES_AGGRESSIVE;
				CLANG_CXX_LANGUAGE_STANDARD = "gnu++14";
				CLANG_CXX_LIBRARY = "libc++";
				CLANG_ENABLE_MODULES = YES;
				CLANG_ENABLE_OBJC_ARC = YES;
				CLANG_ENABLE_OBJC_WEAK = YES;
				CLANG_WARN_BLOCK_CAPTURE_AUTORELEASING = YES;
				CLANG_WARN_BOOL_CONVERSION = YES;
				CLANG_WARN_COMMA = YES;
				CLANG_WARN_CONSTANT_CONVERSION = YES;
				CLANG_WARN_DEPRECATED_OBJC_IMPLEMENTATIONS = YES;
				CLANG_WARN_DIRECT_OBJC_ISA_USAGE = YES_ERROR;
				CLANG_WARN_DOCUMENTATION_COMMENTS = YES;
				CLANG_WARN_EMPTY_BODY = YES;
				CLANG_WARN_ENUM_CONVERSION = YES;
				CLANG_WARN_INFINITE_RECURSION = YES;
				CLANG_WARN_INT_CONVERSION = YES;
				CLANG_WARN_NON_LITERAL_NULL_CONVERSION = YES;
				CLANG_WARN_OBJC_IMPLICIT_RETAIN_SELF = YES;
				CLANG_WARN_OBJC_LITERAL_CONVERSION = YES;
				CLANG_WARN_OBJC_ROOT_CLASS = YES_ERROR;
				CLANG_WARN_QUOTED_INCLUDE_IN_FRAMEWORK_HEADER = YES;
				CLANG_WARN_RANGE_LOOP_ANALYSIS = YES;
				CLANG_WARN_STRICT_PROTOTYPES = YES;
				CLANG_WARN_SUSPICIOUS_MOVE = YES;
				CLANG_WARN_UNGUARDED_AVAILABILITY = YES_AGGRESSIVE;
				CLANG_WARN_UNREACHABLE_CODE = YES;
				CLANG_WARN__DUPLICATE_METHOD_MATCH = YES;
				COPY_PHASE_STRIP = NO;
				DEBUG_INFORMATION_FORMAT = "dwarf-with-dsym";
				ENABLE_NS_ASSERTIONS = NO;
				ENABLE_STRICT_OBJC_MSGSEND = YES;
				GCC_C_LANGUAGE_STANDARD = gnu11;
				GCC_NO_COMMON_BLOCKS = YES;
				GCC_WARN_64_TO_32_BIT_CONVERSION = YES;
				GCC_WARN_ABOUT_RETURN_TYPE = YES_ERROR;
				GCC_WARN_UNDECLARED_SELECTOR = YES;
				GCC_WARN_UNINITIALIZED_AUTOS = YES_AGGRESSIVE;
				GCC_WARN_UNUSED_FUNCTION = YES;
				GCC_WARN_UNUSED_VARIABLE = YES;
				MTL_ENABLE_DEBUG_INFO = NO;
				MTL_FAST_MATH = YES;
				PRODUCT_NAME = "$(TARGET_NAME)";
				SWIFT_OPTIMIZATION_LEVEL = "-Owholemodule";
				SWIFT_VERSION = 5.0;
			};
			name = Release;
		};
		FC1AEF9F14418621D7A02F4A /* Debug */ = {
			isa = XCBuildConfiguration;
			buildSettings = {
				ASSETCATALOG_COMPILER_APPICON_NAME = AppIcon;
				ASSETCATALOG_COMPILER_GLOBAL_ACCENT_COLOR_NAME = AccentColor;
				CLANG_ENABLE_OBJC_WEAK = NO;
				CODE_SIGN_STYLE = Automatic;
				DEVELOPMENT_TEAM = S5NFW9785Z;
				GENERATE_INFOPLIST_FILE = YES;
				INFOPLIST_KEY_CFBundleDisplayName = Milestones;
				INFOPLIST_KEY_LSApplicationCategoryType = "public.app-category.productivity";
				INFOPLIST_KEY_UIApplicationSceneManifest_Generation = YES;
				INFOPLIST_KEY_UIApplicationSupportsIndirectInputEvents = YES;
				INFOPLIST_KEY_UILaunchScreen_Generation = YES;
				IPHONEOS_DEPLOYMENT_TARGET = 17.0;
				LD_RUNPATH_SEARCH_PATHS = "$(inherited) @executable_path/Frameworks";
				PRODUCT_BUNDLE_IDENTIFIER = com.rampolisetti.milestones;
				PRODUCT_NAME = Milestones;
				SDKROOT = iphoneos;
				SWIFT_VERSION = 6.0;
				TARGETED_DEVICE_FAMILY = 1;
			};
			name = Debug;
		};
/* End XCBuildConfiguration section */

/* Begin XCConfigurationList section */
		AFB97395849DBB2D3933BA9F /* Build configuration list for PBXNativeTarget "Milestones" */ = {
			isa = XCConfigurationList;
			buildConfigurations = (
				9DE7525C53CC539F27B83142 /* Release */,
				FC1AEF9F14418621D7A02F4A /* Debug */,
			);
			defaultConfigurationIsVisible = 0;
			defaultConfigurationName = Release;
		};
		BE20702A71BEA0E625B4B594 /* Build configuration list for PBXProject "Milestones" */ = {
			isa = XCConfigurationList;
			buildConfigurations = (
				845804020127FE0C76E63323 /* Debug */,
				D63A8E5394A4A75583EE7B74 /* Release */,
			);
			defaultConfigurationIsVisible = 0;
			defaultConfigurationName = Release;
		};
/* End XCConfigurationList section */
	};
	rootObject = 531D3FCB1D222D7C1ADA3CE8 /* Project object */;
}
